
Microsoft Visual Studio Solution File, Format Version 12.00
# Visual Studio 14
VisualStudioVersion = 14.0.25420.1
MinimumVisualStudioVersion = 10.0.40219.1
Project("{FAE04EC0-301F-11D3-BF4B-00C04F79EFBC}") = "BubbleSort", "BubbleSort\BubbleSort.csproj", "{8DABE761-00FD-4F6C-A7EF-8E928019EE7A}"
EndProject
Project("{FAE04EC0-301F-11D3-BF4B-00C04F79EFBC}") = "SelectionSort", "SelectionSort\SelectionSort.csproj", "{B9ED76C8-1DB6-410A-B0B2-DF7B028D3245}"
EndProject
Project("{FAE04EC0-301F-11D3-BF4B-00C04F79EFBC}") = "QuickSort", "QuickSort\QuickSort.csproj", "{A373CA6F-37E3-44A0-9D5B-F1F7761B3D4B}"
EndProject
Project("{FAE04EC0-301F-11D3-BF4B-00C04F79EFBC}") = "QuickSort2", "QuickSort2\QuickSort2.csproj", "{C99F9F5E-786E-4782-9052-D3BC3206A39C}"
EndProject
Project("{FAE04EC0-301F-11D3-BF4B-00C04F79EFBC}") = "InsertionSort", "InsertionSort\InsertionSort.csproj", "{16093B83-1817-44B6-951F-FD11751E1F45}"
EndProject
Project("{FAE04EC0-301F-11D3-BF4B-00C04F79EFBC}") = "ShellSortAlg", "ShellSort\ShellSortAlg.csproj", "{A21B95C7-8433-4A70-B8DD-1DA72C34CA70}"
EndProject
Project("{FAE04EC0-301F-11D3-BF4B-00C04F79EFBC}") = "HeapSortAlg", "HeapSortAlg\HeapSortAlg.csproj", "{CD37AF78-CC15-4FCF-8304-EA5D2F9E3042}"
EndProject
Project("{FAE04EC0-301F-11D3-BF4B-00C04F79EFBC}") = "RadixSort", "RadixSort\RadixSort.csproj", "{CDA36646-957F-4C32-807C-78DE4C9885CF}"
EndProject
Project("{FAE04EC0-301F-11D3-BF4B-00C04F79EFBC}") = "GnomeSort", "GnomeSort\GnomeSort.csproj", "{0AEC03DA-8C81-4A17-AB72-3F0962ECD3D2}"
EndProject
Global
	GlobalSection(SolutionConfigurationPlatforms) = preSolution
		Debug|Any CPU = Debug|Any CPU
		Release|Any CPU = Release|Any CPU
	EndGlobalSection
	GlobalSection(ProjectConfigurationPlatforms) = postSolution
		{8DABE761-00FD-4F6C-A7EF-8E928019EE7A}.Debug|Any CPU.ActiveCfg = Debug|Any CPU
		{8DABE761-00FD-4F6C-A7EF-8E928019EE7A}.Debug|Any CPU.Build.0 = Debug|Any CPU
		{8DABE761-00FD-4F6C-A7EF-8E928019EE7A}.Release|Any CPU.ActiveCfg = Release|Any CPU
		{8DABE761-00FD-4F6C-A7EF-8E928019EE7A}.Release|Any CPU.Build.0 = Release|Any CPU
		{B9ED76C8-1DB6-410A-B0B2-DF7B028D3245}.Debug|Any CPU.ActiveCfg = Debug|Any CPU
		{B9ED76C8-1DB6-410A-B0B2-DF7B028D3245}.Debug|Any CPU.Build.0 = Debug|Any CPU
		{B9ED76C8-1DB6-410A-B0B2-DF7B028D3245}.Release|Any CPU.ActiveCfg = Release|Any CPU
		{B9ED76C8-1DB6-410A-B0B2-DF7B028D3245}.Release|Any CPU.Build.0 = Release|Any CPU
		{A373CA6F-37E3-44A0-9D5B-F1F7761B3D4B}.Debug|Any CPU.ActiveCfg = Debug|Any CPU
		{A373CA6F-37E3-44A0-9D5B-F1F7761B3D4B}.Debug|Any CPU.Build.0 = Debug|Any CPU
		{A373CA6F-37E3-44A0-9D5B-F1F7761B3D4B}.Release|Any CPU.ActiveCfg = Release|Any CPU
		{A373CA6F-37E3-44A0-9D5B-F1F7761B3D4B}.Release|Any CPU.Build.0 = Release|Any CPU
		{C99F9F5E-786E-4782-9052-D3BC3206A39C}.Debug|Any CPU.ActiveCfg = Debug|Any CPU
		{C99F9F5E-786E-4782-9052-D3BC3206A39C}.Debug|Any CPU.Build.0 = Debug|Any CPU
		{C99F9F5E-786E-4782-9052-D3BC3206A39C}.Release|Any CPU.ActiveCfg = Release|Any CPU
		{C99F9F5E-786E-4782-9052-D3BC3206A39C}.Release|Any CPU.Build.0 = Release|Any CPU
		{16093B83-1817-44B6-951F-FD11751E1F45}.Debug|Any CPU.ActiveCfg = Debug|Any CPU
		{16093B83-1817-44B6-951F-FD11751E1F45}.Debug|Any CPU.Build.0 = Debug|Any CPU
		{16093B83-1817-44B6-951F-FD11751E1F45}.Release|Any CPU.ActiveCfg = Release|Any CPU
		{16093B83-1817-44B6-951F-FD11751E1F45}.Release|Any CPU.Build.0 = Release|Any CPU
		{A21B95C7-8433-4A70-B8DD-1DA72C34CA70}.Debug|Any CPU.ActiveCfg = Debug|Any CPU
		{A21B95C7-8433-4A70-B8DD-1DA72C34CA70}.Debug|Any CPU.Build.0 = Debug|Any CPU
		{A21B95C7-8433-4A70-B8DD-1DA72C34CA70}.Release|Any CPU.ActiveCfg = Release|Any CPU
		{A21B95C7-8433-4A70-B8DD-1DA72C34CA70}.Release|Any CPU.Build.0 = Release|Any CPU
		{CD37AF78-CC15-4FCF-8304-EA5D2F9E3042}.Debug|Any CPU.ActiveCfg = Debug|Any CPU
		{CD37AF78-CC15-4FCF-8304-EA5D2F9E3042}.Debug|Any CPU.Build.0 = Debug|Any CPU
		{CD37AF78-CC15-4FCF-8304-EA5D2F9E3042}.Release|Any CPU.ActiveCfg = Release|Any CPU
		{CD37AF78-CC15-4FCF-8304-EA5D2F9E3042}.Release|Any CPU.Build.0 = Release|Any CPU
		{CDA36646-957F-4C32-807C-78DE4C9885CF}.Debug|Any CPU.ActiveCfg = Debug|Any CPU
		{CDA36646-957F-4C32-807C-78DE4C9885CF}.Debug|Any CPU.Build.0 = Debug|Any CPU
		{CDA36646-957F-4C32-807C-78DE4C9885CF}.Release|Any CPU.ActiveCfg = Release|Any CPU
		{CDA36646-957F-4C32-807C-78DE4C9885CF}.Release|Any CPU.Build.0 = Release|Any CPU
		{0AEC03DA-8C81-4A17-AB72-3F0962ECD3D2}.Debug|Any CPU.ActiveCfg = Debug|Any CPU
		{0AEC03DA-8C81-4A17-AB72-3F0962ECD3D2}.Debug|Any CPU.Build.0 = Debug|Any CPU
		{0AEC03DA-8C81-4A17-AB72-3F0962ECD3D2}.Release|Any CPU.ActiveCfg = Release|Any CPU
		{0AEC03DA-8C81-4A17-AB72-3F0962ECD3D2}.Release|Any CPU.Build.0 = Release|Any CPU
	EndGlobalSection
	GlobalSection(SolutionProperties) = preSolution
		HideSolutionNode = FALSE
	EndGlobalSection
EndGlobal
